# This file was autogenerated by Stack.
# You should not edit this file by hand.
# For more information, please see the documentation at:
#   https://docs.haskellstack.org/en/stable/lock_files

packages:
- completed:
    hackage: tomland-1.3.3.2@sha256:8a7924fb8ced9d82810f603cf195cd26b89a248b685ec21b99ffb28df3ea7c1a,9474
    pantry-tree:
      sha256: 23d49e7d097e72d3f7e8fe233bca4271cd06c07fe356048edb59a0e19e434ea7
      size: 6430
  original:
    hackage: tomland-1.3.3.2@sha256:8a7924fb8ced9d82810f603cf195cd26b89a248b685ec21b99ffb28df3ea7c1a,9474
- completed:
    hackage: xml-conduit-writer-0.1.1.5@sha256:7b62f92e91d5f7c2c4440b2021d6b9309f9966598b110017b2cbcf3fcd1107df,1340
    pantry-tree:
      sha256: c7d0658555a2bbef4fecac9b7763d1acef7eac63f52dd15096f266776b7ce37e
      size: 278
  original:
    hackage: xml-conduit-writer-0.1.1.5@sha256:7b62f92e91d5f7c2c4440b2021d6b9309f9966598b110017b2cbcf3fcd1107df,1340
- completed:
    hackage: validation-selective-0.2.0.0@sha256:e1ab5482dede8bf676d729a09109c7c5f798363b9d458e4197a27afb8b48fdd3,3907
    pantry-tree:
      sha256: c5f1ddcb6a721cdb12cdec1e12af3ad7dcc936745e3fd53e5dd09b4a12b83bd5
      size: 697
  original:
    hackage: validation-selective-0.2.0.0@sha256:e1ab5482dede8bf676d729a09109c7c5f798363b9d458e4197a27afb8b48fdd3,3907
- completed:
    hackage: spacecookie-1.0.0.2@sha256:499ebafa27578efd9cd41e75731ed6fdefeec7d5f0b21a1f494d54481f2c5a22,4232
    pantry-tree:
      sha256: 9299aec2ea4f7eebdbedb250adca7f3f0d5690f96a409e27dbdc594fb030bae3
      size: 2328
  original:
    hackage: spacecookie-1.0.0.2@sha256:499ebafa27578efd9cd41e75731ed6fdefeec7d5f0b21a1f494d54481f2c5a22,4232
- completed:
    hackage: rest-rewrite-0.4.3@sha256:a1c3a402a4996c85f410b2633059e2b7fd278bad979391332d24f54ef31a1554,4086
    pantry-tree:
      sha256: e6f275dfd58bbeec68cf8e4353a748d4694717f6663f96971a3a49fe832a3942
      size: 4075
  original:
    hackage: rest-rewrite-0.4.3
- completed:
    hackage: smtlib-backends-0.3@sha256:a947aead99f6a314833bddca9b502d5faea8d3bd2fc76ffb53c34d5c5b7557bc,1211
    pantry-tree:
      sha256: 97b88a647ac996808a93b2eab62e9e8574d9b9a451ee37a9103e209b63be012d
      size: 275
  original:
    hackage: smtlib-backends-0.3
- completed:
    hackage: smtlib-backends-process-0.3@sha256:bb730a55c5974eeb24112b560d30c49d518d6de45148723435219baa269f8b5e,1676
    pantry-tree:
      sha256: 789e2f5fc72fedad8dd6880319803120ad0cd712c2a44faaff321cb4d50620c3
      size: 461
  original:
    hackage: smtlib-backends-process-0.3
- completed:
    hackage: liquidhaskell-0.9.6.3.1@sha256:fb5309de42d2731e9bcfe37056e938f129b3b154f2aba5b864cc2b6871b07afc,3530
    pantry-tree:
      sha256: cfeb7b080b455974e1ceb1bd7910fdb27bcacda4cc26b80baba5c720914861dc
      size: 3369
  original:
    hackage: liquidhaskell-0.9.6.3.1
- completed:
    hackage: liquidhaskell-boot-0.9.6.3@sha256:b700bb736bad616851b504b19e36597ca4e46fdc0f950f9a6130329989453aea,9834
    pantry-tree:
      sha256: 80997559a500ff3d3fd889a0bb829d64707351eeab9262234376a63f242ec104
      size: 7768
  original:
    hackage: liquidhaskell-boot-0.9.6.3
- completed:
    hackage: liquid-fixpoint-0.9.6.3@sha256:c368a22ba31705d8c0e6c02004d7bb56d0e8ae3f43def5988f3712690ab19348,9478
    pantry-tree:
      sha256: 4a828ab82045ab3dc0c9039aad18d6e368694b34748cf18397ebb61a90349428
      size: 16089
  original:
    hackage: liquid-fixpoint-0.9.6.3
- completed:
    hackage: liquid-prelude-0.9.2.8.1@sha256:cda0011af90b7464270146ba39ebd540d0d6390af80e17fe65c15d19ecbdfc23,1510
    pantry-tree:
      sha256: ff5104a1bcac244c6709ed6603e13312598e2551a74322ecd4d31526012df84e
      size: 882
  original:
    hackage: liquid-prelude-0.9.2.8.1
- completed:
    hackage: liquid-vector-0.13.1.0.1@sha256:2ad221ddf6e5fa109e6d4380b46dfa7f15e2ba2716be00a92e571c0063cdae70,1082
    pantry-tree:
      sha256: d5d3d7d555ae8aae529b369d284fb859690f22ad37cc5ac6fef0b8402f47326a
      size: 231
  original:
    hackage: liquid-vector-0.13.1.0.1
- completed:
    commit: 1a6218582e5d73ff0d631222e2d0ee338a2b0749
    git: https://github.com/someodd/venusia.git
    name: Venusia
    pantry-tree:
      sha256: 3097393cd670e3c8146bfb912bf8465e9f4659450c247594ad4bb35cf314dcb7
      size: 881
    version: 0.1.0.0
  original:
    commit: 1a6218582e5d73ff0d631222e2d0ee338a2b0749
    git: https://github.com/someodd/venusia.git
- completed:
    commit: 03348a35eefa1adbbadfa8c1d32c55210a6a0093
    git: https://github.com/someodd/ryvm.git
    name: ryvm
    pantry-tree:
      sha256: 052efa5153ed70da9cc72b4dd0dfd344c1677e680dfd8b9b5d109c096092e976
      size: 1496
    version: 0.43.0.0
  original:
    commit: 03348a35eefa1adbbadfa8c1d32c55210a6a0093
    git: https://github.com/someodd/ryvm.git
snapshots:
- completed:
    sha256: 1b4c2669e26fa828451830ed4725e4d406acc25a1fa24fcc039465dd13d7a575
    size: 714100
    url: https://raw.githubusercontent.com/commercialhaskell/stackage-snapshots/master/lts/22/6.yaml
  original: lts-22.6
