# This file was autogenerated by Stack.
# You should not edit this file by hand.
# For more information, please see the documentation at:
#   https://docs.haskellstack.org/en/stable/lock_files

packages:
- completed:
    hackage: tomland-1.3.3.2@sha256:8a7924fb8ced9d82810f603cf195cd26b89a248b685ec21b99ffb28df3ea7c1a,9474
    pantry-tree:
      sha256: 23d49e7d097e72d3f7e8fe233bca4271cd06c07fe356048edb59a0e19e434ea7
      size: 6430
  original:
    hackage: tomland-1.3.3.2@sha256:8a7924fb8ced9d82810f603cf195cd26b89a248b685ec21b99ffb28df3ea7c1a,9474
- completed:
    hackage: xml-conduit-writer-0.1.1.5@sha256:7b62f92e91d5f7c2c4440b2021d6b9309f9966598b110017b2cbcf3fcd1107df,1340
    pantry-tree:
      sha256: c7d0658555a2bbef4fecac9b7763d1acef7eac63f52dd15096f266776b7ce37e
      size: 278
  original:
    hackage: xml-conduit-writer-0.1.1.5@sha256:7b62f92e91d5f7c2c4440b2021d6b9309f9966598b110017b2cbcf3fcd1107df,1340
- completed:
    hackage: validation-selective-0.2.0.0@sha256:e1ab5482dede8bf676d729a09109c7c5f798363b9d458e4197a27afb8b48fdd3,3907
    pantry-tree:
      sha256: c5f1ddcb6a721cdb12cdec1e12af3ad7dcc936745e3fd53e5dd09b4a12b83bd5
      size: 697
  original:
    hackage: validation-selective-0.2.0.0@sha256:e1ab5482dede8bf676d729a09109c7c5f798363b9d458e4197a27afb8b48fdd3,3907
snapshots:
- completed:
    sha256: 1b4c2669e26fa828451830ed4725e4d406acc25a1fa24fcc039465dd13d7a575
    size: 714100
    url: https://raw.githubusercontent.com/commercialhaskell/stackage-snapshots/master/lts/22/6.yaml
  original: lts-22.6
